hash: 8f08e186a7e47ec945ad4e7482cacd9035480e82adba3b8384d938a56370a826
updated: 2017-03-28T09:55:13.713643697Z
imports:
- name: github.com/gorilla/context
  version: 08b5f424b9271eedf6f9f0ce86cb9396ed337a42
- name: github.com/gorilla/mux
  version: 392c28fe23e1c45ddba891b0320b3b5df220beea
testImports: []
